
Microsoft Visual Studio Solution File, Format Version 12.00
# Visual Studio Version 18
VisualStudioVersion = 18.1.11312.151
MinimumVisualStudioVersion = 10.0.40219.1
Project("{2150E333-8FDC-42A3-9474-1A3956D46DE8}") = "src", "src", "{827E0CD3-B72D-47B6-A68D-7590B98EB39B}"
EndProject
Project("{FAE04EC0-301F-11D3-BF4B-00C04F79EFBC}") = "HECINA.Api", "src\HECINA.Api\HECINA.Api.csproj", "{412C2ECB-8B75-465C-89C3-D4A627C1ECCF}"
EndProject
Project("{2150E333-8FDC-42A3-9474-1A3956D46DE8}") = "Docs", "Docs", "{0E3E2ED3-10C9-4BA8-BF01-D338CC191E89}"
	ProjectSection(SolutionItems) = preProject
		docs\api-modernization.md = docs\api-modernization.md
		README.md = README.md
	EndProjectSection
EndProject
Project("{FAE04EC0-301F-11D3-BF4B-00C04F79EFBC}") = "ConsoleAppTokenGenerator", "ConsoleApp1\ConsoleAppTokenGenerator.csproj", "{AFC4D39D-CC78-4A44-817B-553653B1309D}"
EndProject
Global
	GlobalSection(SolutionConfigurationPlatforms) = preSolution
		Debug|Any CPU = Debug|Any CPU
		Debug|x64 = Debug|x64
		Debug|x86 = Debug|x86
		Release|Any CPU = Release|Any CPU
		Release|x64 = Release|x64
		Release|x86 = Release|x86
	EndGlobalSection
	GlobalSection(ProjectConfigurationPlatforms) = postSolution
		{412C2ECB-8B75-465C-89C3-D4A627C1ECCF}.Debug|Any CPU.ActiveCfg = Debug|Any CPU
		{412C2ECB-8B75-465C-89C3-D4A627C1ECCF}.Debug|Any CPU.Build.0 = Debug|Any CPU
		{412C2ECB-8B75-465C-89C3-D4A627C1ECCF}.Debug|x64.ActiveCfg = Debug|Any CPU
		{412C2ECB-8B75-465C-89C3-D4A627C1ECCF}.Debug|x64.Build.0 = Debug|Any CPU
		{412C2ECB-8B75-465C-89C3-D4A627C1ECCF}.Debug|x86.ActiveCfg = Debug|Any CPU
		{412C2ECB-8B75-465C-89C3-D4A627C1ECCF}.Debug|x86.Build.0 = Debug|Any CPU
		{412C2ECB-8B75-465C-89C3-D4A627C1ECCF}.Release|Any CPU.ActiveCfg = Release|Any CPU
		{412C2ECB-8B75-465C-89C3-D4A627C1ECCF}.Release|Any CPU.Build.0 = Release|Any CPU
		{412C2ECB-8B75-465C-89C3-D4A627C1ECCF}.Release|x64.ActiveCfg = Release|Any CPU
		{412C2ECB-8B75-465C-89C3-D4A627C1ECCF}.Release|x64.Build.0 = Release|Any CPU
		{412C2ECB-8B75-465C-89C3-D4A627C1ECCF}.Release|x86.ActiveCfg = Release|Any CPU
		{412C2ECB-8B75-465C-89C3-D4A627C1ECCF}.Release|x86.Build.0 = Release|Any CPU
		{AFC4D39D-CC78-4A44-817B-553653B1309D}.Debug|Any CPU.ActiveCfg = Debug|Any CPU
		{AFC4D39D-CC78-4A44-817B-553653B1309D}.Debug|Any CPU.Build.0 = Debug|Any CPU
		{AFC4D39D-CC78-4A44-817B-553653B1309D}.Debug|x64.ActiveCfg = Debug|Any CPU
		{AFC4D39D-CC78-4A44-817B-553653B1309D}.Debug|x64.Build.0 = Debug|Any CPU
		{AFC4D39D-CC78-4A44-817B-553653B1309D}.Debug|x86.ActiveCfg = Debug|Any CPU
		{AFC4D39D-CC78-4A44-817B-553653B1309D}.Debug|x86.Build.0 = Debug|Any CPU
		{AFC4D39D-CC78-4A44-817B-553653B1309D}.Release|Any CPU.ActiveCfg = Release|Any CPU
		{AFC4D39D-CC78-4A44-817B-553653B1309D}.Release|Any CPU.Build.0 = Release|Any CPU
		{AFC4D39D-CC78-4A44-817B-553653B1309D}.Release|x64.ActiveCfg = Release|Any CPU
		{AFC4D39D-CC78-4A44-817B-553653B1309D}.Release|x64.Build.0 = Release|Any CPU
		{AFC4D39D-CC78-4A44-817B-553653B1309D}.Release|x86.ActiveCfg = Release|Any CPU
		{AFC4D39D-CC78-4A44-817B-553653B1309D}.Release|x86.Build.0 = Release|Any CPU
	EndGlobalSection
	GlobalSection(SolutionProperties) = preSolution
		HideSolutionNode = FALSE
	EndGlobalSection
	GlobalSection(NestedProjects) = preSolution
		{412C2ECB-8B75-465C-89C3-D4A627C1ECCF} = {827E0CD3-B72D-47B6-A68D-7590B98EB39B}
	EndGlobalSection
	GlobalSection(ExtensibilityGlobals) = postSolution
		SolutionGuid = {171937DC-FE19-4EAC-A91D-E1CA2D79D76A}
	EndGlobalSection
EndGlobal
